
Microsoft Visual Studio Solution File, Format Version 12.00
# Visual Studio 15
VisualStudioVersion = 15.0.28010.2050
MinimumVisualStudioVersion = 10.0.40219.1
Project("{9A19103F-16F7-4668-BE54-9A1E7A4F7556}") = "DatingApp.API", "DatingApp.API.csproj", "{63027331-8783-4FC4-80D4-5BB2A83E7B89}"
EndProject
Project("{FAE04EC0-301F-11D3-BF4B-00C04F79EFBC}") = "DatingApp.SPA", "..\DatingApp.SPA\DatingApp.SPA.csproj", "{B82DAD3A-CD27-43E3-A7F6-9378D8FE3EEE}"
EndProject
Project("{FAE04EC0-301F-11D3-BF4B-00C04F79EFBC}") = "DatingApps.SPA", "..\DatingApps.SPA\DatingApps.SPA.csproj", "{B5A3022D-78CE-464E-A161-DE7847D6856E}"
EndProject
Global
	GlobalSection(SolutionConfigurationPlatforms) = preSolution
		Debug|Any CPU = Debug|Any CPU
		Release|Any CPU = Release|Any CPU
	EndGlobalSection
	GlobalSection(ProjectConfigurationPlatforms) = postSolution
		{63027331-8783-4FC4-80D4-5BB2A83E7B89}.Debug|Any CPU.ActiveCfg = Debug|Any CPU
		{63027331-8783-4FC4-80D4-5BB2A83E7B89}.Debug|Any CPU.Build.0 = Debug|Any CPU
		{63027331-8783-4FC4-80D4-5BB2A83E7B89}.Release|Any CPU.ActiveCfg = Release|Any CPU
		{63027331-8783-4FC4-80D4-5BB2A83E7B89}.Release|Any CPU.Build.0 = Release|Any CPU
		{B82DAD3A-CD27-43E3-A7F6-9378D8FE3EEE}.Debug|Any CPU.ActiveCfg = Debug|Any CPU
		{B82DAD3A-CD27-43E3-A7F6-9378D8FE3EEE}.Debug|Any CPU.Build.0 = Debug|Any CPU
		{B82DAD3A-CD27-43E3-A7F6-9378D8FE3EEE}.Release|Any CPU.ActiveCfg = Release|Any CPU
		{B82DAD3A-CD27-43E3-A7F6-9378D8FE3EEE}.Release|Any CPU.Build.0 = Release|Any CPU
		{B5A3022D-78CE-464E-A161-DE7847D6856E}.Debug|Any CPU.ActiveCfg = Debug|Any CPU
		{B5A3022D-78CE-464E-A161-DE7847D6856E}.Debug|Any CPU.Build.0 = Debug|Any CPU
		{B5A3022D-78CE-464E-A161-DE7847D6856E}.Release|Any CPU.ActiveCfg = Release|Any CPU
		{B5A3022D-78CE-464E-A161-DE7847D6856E}.Release|Any CPU.Build.0 = Release|Any CPU
	EndGlobalSection
	GlobalSection(SolutionProperties) = preSolution
		HideSolutionNode = FALSE
	EndGlobalSection
	GlobalSection(ExtensibilityGlobals) = postSolution
		SolutionGuid = {EDA9912E-C49D-46D9-8E07-D331B1F0B887}
	EndGlobalSection
EndGlobal
